
Microsoft Visual Studio Solution File, Format Version 12.00
# Visual Studio Version 17
VisualStudioVersion = 17.5.33530.505
MinimumVisualStudioVersion = 10.0.40219.1
Project("{FAE04EC0-301F-11D3-BF4B-00C04F79EFBC}") = "Ivan_Stojković_Controller", "Ivan_Stojković_Controller\Ivan_Stojković_Controller.csproj", "{D34D8D4F-7138-4AB8-A561-582A3CA94E3E}"
EndProject
Global
	GlobalSection(SolutionConfigurationPlatforms) = preSolution
		Debug|Any CPU = Debug|Any CPU
		Release|Any CPU = Release|Any CPU
	EndGlobalSection
	GlobalSection(ProjectConfigurationPlatforms) = postSolution
		{D34D8D4F-7138-4AB8-A561-582A3CA94E3E}.Debug|Any CPU.ActiveCfg = Debug|Any CPU
		{D34D8D4F-7138-4AB8-A561-582A3CA94E3E}.Debug|Any CPU.Build.0 = Debug|Any CPU
		{D34D8D4F-7138-4AB8-A561-582A3CA94E3E}.Release|Any CPU.ActiveCfg = Release|Any CPU
		{D34D8D4F-7138-4AB8-A561-582A3CA94E3E}.Release|Any CPU.Build.0 = Release|Any CPU
	EndGlobalSection
	GlobalSection(SolutionProperties) = preSolution
		HideSolutionNode = FALSE
	EndGlobalSection
	GlobalSection(ExtensibilityGlobals) = postSolution
		SolutionGuid = {4DFFAFC8-C570-4DB2-ADCA-3B66068BC853}
	EndGlobalSection
EndGlobal
